
Microsoft Visual Studio Solution File, Format Version 12.00
# Visual Studio 15
VisualStudioVersion = 15.0.27004.2002
MinimumVisualStudioVersion = 10.0.40219.1
Project("{FAE04EC0-301F-11D3-BF4B-00C04F79EFBC}") = "Cook-book", "Cook-book\Cook-book.csproj", "{E7FFDB6D-59BE-496F-9873-0D9712EFF8B4}"
EndProject
Global
	GlobalSection(SolutionConfigurationPlatforms) = preSolution
		Debug|Any CPU = Debug|Any CPU
		Release|Any CPU = Release|Any CPU
	EndGlobalSection
	GlobalSection(ProjectConfigurationPlatforms) = postSolution
		{E7FFDB6D-59BE-496F-9873-0D9712EFF8B4}.Debug|Any CPU.ActiveCfg = Debug|Any CPU
		{E7FFDB6D-59BE-496F-9873-0D9712EFF8B4}.Debug|Any CPU.Build.0 = Debug|Any CPU
		{E7FFDB6D-59BE-496F-9873-0D9712EFF8B4}.Release|Any CPU.ActiveCfg = Release|Any CPU
		{E7FFDB6D-59BE-496F-9873-0D9712EFF8B4}.Release|Any CPU.Build.0 = Release|Any CPU
	EndGlobalSection
	GlobalSection(SolutionProperties) = preSolution
		HideSolutionNode = FALSE
	EndGlobalSection
	GlobalSection(ExtensibilityGlobals) = postSolution
		SolutionGuid = {0E5805EB-FBB1-4B19-B04F-A693A4BE1285}
	EndGlobalSection
EndGlobal
